
Microsoft Visual Studio Solution File, Format Version 12.00
# Visual Studio Version 17
VisualStudioVersion = 17.2.32630.192
MinimumVisualStudioVersion = 10.0.40219.1
Project("{FAE04EC0-301F-11D3-BF4B-00C04F79EFBC}") = "BookListApp", "BookListApp\BookListApp.csproj", "{0F5570AE-A353-4D85-94B2-96995AF044CD}"
EndProject
Global
	GlobalSection(SolutionConfigurationPlatforms) = preSolution
		Debug|Any CPU = Debug|Any CPU
		Release|Any CPU = Release|Any CPU
	EndGlobalSection
	GlobalSection(ProjectConfigurationPlatforms) = postSolution
		{0F5570AE-A353-4D85-94B2-96995AF044CD}.Debug|Any CPU.ActiveCfg = Debug|Any CPU
		{0F5570AE-A353-4D85-94B2-96995AF044CD}.Debug|Any CPU.Build.0 = Debug|Any CPU
		{0F5570AE-A353-4D85-94B2-96995AF044CD}.Release|Any CPU.ActiveCfg = Release|Any CPU
		{0F5570AE-A353-4D85-94B2-96995AF044CD}.Release|Any CPU.Build.0 = Release|Any CPU
	EndGlobalSection
	GlobalSection(SolutionProperties) = preSolution
		HideSolutionNode = FALSE
	EndGlobalSection
	GlobalSection(ExtensibilityGlobals) = postSolution
		SolutionGuid = {2CE74C09-1ADF-4B8D-8C00-D0FD1DBC2E1F}
	EndGlobalSection
EndGlobal
